
Microsoft Visual Studio Solution File, Format Version 12.00
# Visual Studio 15
VisualStudioVersion = 15.0.28307.779
MinimumVisualStudioVersion = 10.0.40219.1
Project("{FAE04EC0-301F-11D3-BF4B-00C04F79EFBC}") = "gittest-3-n01010101", "gittest-3-n01010101\gittest-3-n01010101.csproj", "{D7EF2B82-BFC7-4F54-87EF-CF8CF55A235B}"
EndProject
Global
	GlobalSection(SolutionConfigurationPlatforms) = preSolution
		Debug|Any CPU = Debug|Any CPU
		Release|Any CPU = Release|Any CPU
	EndGlobalSection
	GlobalSection(ProjectConfigurationPlatforms) = postSolution
		{D7EF2B82-BFC7-4F54-87EF-CF8CF55A235B}.Debug|Any CPU.ActiveCfg = Debug|Any CPU
		{D7EF2B82-BFC7-4F54-87EF-CF8CF55A235B}.Debug|Any CPU.Build.0 = Debug|Any CPU
		{D7EF2B82-BFC7-4F54-87EF-CF8CF55A235B}.Release|Any CPU.ActiveCfg = Release|Any CPU
		{D7EF2B82-BFC7-4F54-87EF-CF8CF55A235B}.Release|Any CPU.Build.0 = Release|Any CPU
	EndGlobalSection
	GlobalSection(SolutionProperties) = preSolution
		HideSolutionNode = FALSE
	EndGlobalSection
	GlobalSection(ExtensibilityGlobals) = postSolution
		SolutionGuid = {41F292D9-EF67-46B3-B385-31554E8AF748}
	EndGlobalSection
EndGlobal
